
Microsoft Visual Studio Solution File, Format Version 12.00
# Visual Studio Version 17
VisualStudioVersion = 17.11.35312.102
MinimumVisualStudioVersion = 10.0.40219.1
Project("{FAE04EC0-301F-11D3-BF4B-00C04F79EFBC}") = "OperatorOverriding", "OperatorOverriding\OperatorOverriding.csproj", "{91B5042C-685E-4D3F-9C91-54C3860BB540}"
EndProject
Global
	GlobalSection(SolutionConfigurationPlatforms) = preSolution
		Debug|Any CPU = Debug|Any CPU
		Release|Any CPU = Release|Any CPU
	EndGlobalSection
	GlobalSection(ProjectConfigurationPlatforms) = postSolution
		{91B5042C-685E-4D3F-9C91-54C3860BB540}.Debug|Any CPU.ActiveCfg = Debug|Any CPU
		{91B5042C-685E-4D3F-9C91-54C3860BB540}.Debug|Any CPU.Build.0 = Debug|Any CPU
		{91B5042C-685E-4D3F-9C91-54C3860BB540}.Release|Any CPU.ActiveCfg = Release|Any CPU
		{91B5042C-685E-4D3F-9C91-54C3860BB540}.Release|Any CPU.Build.0 = Release|Any CPU
	EndGlobalSection
	GlobalSection(SolutionProperties) = preSolution
		HideSolutionNode = FALSE
	EndGlobalSection
	GlobalSection(ExtensibilityGlobals) = postSolution
		SolutionGuid = {AC6D41C9-F901-441C-BA0A-2F27E18172D7}
	EndGlobalSection
EndGlobal
