
Microsoft Visual Studio Solution File, Format Version 12.00
# Visual Studio Version 17
VisualStudioVersion = 17.6.33829.357
MinimumVisualStudioVersion = 10.0.40219.1
Project("{9A19103F-16F7-4668-BE54-9A1E7A4F7556}") = "TestProject", "TestProject\TestProject.csproj", "{18A046E7-43CB-41A9-92F7-07E314BCA380}"
EndProject
Project("{FAE04EC0-301F-11D3-BF4B-00C04F79EFBC}") = "TestProject2", "TestProject2\TestProject2.csproj", "{92F7FFBC-5A62-4E22-BD2D-A2663103AD0F}"
EndProject
Global
	GlobalSection(SolutionConfigurationPlatforms) = preSolution
		Debug|Any CPU = Debug|Any CPU
		Release|Any CPU = Release|Any CPU
	EndGlobalSection
	GlobalSection(ProjectConfigurationPlatforms) = postSolution
		{18A046E7-43CB-41A9-92F7-07E314BCA380}.Debug|Any CPU.ActiveCfg = Debug|Any CPU
		{18A046E7-43CB-41A9-92F7-07E314BCA380}.Debug|Any CPU.Build.0 = Debug|Any CPU
		{18A046E7-43CB-41A9-92F7-07E314BCA380}.Release|Any CPU.ActiveCfg = Release|Any CPU
		{18A046E7-43CB-41A9-92F7-07E314BCA380}.Release|Any CPU.Build.0 = Release|Any CPU
		{92F7FFBC-5A62-4E22-BD2D-A2663103AD0F}.Debug|Any CPU.ActiveCfg = Debug|Any CPU
		{92F7FFBC-5A62-4E22-BD2D-A2663103AD0F}.Debug|Any CPU.Build.0 = Debug|Any CPU
		{92F7FFBC-5A62-4E22-BD2D-A2663103AD0F}.Release|Any CPU.ActiveCfg = Release|Any CPU
		{92F7FFBC-5A62-4E22-BD2D-A2663103AD0F}.Release|Any CPU.Build.0 = Release|Any CPU
	EndGlobalSection
	GlobalSection(SolutionProperties) = preSolution
		HideSolutionNode = FALSE
	EndGlobalSection
	GlobalSection(ExtensibilityGlobals) = postSolution
		SolutionGuid = {C2913040-0770-4A52-B778-51ED99999667}
	EndGlobalSection
EndGlobal
