
Microsoft Visual Studio Solution File, Format Version 12.00
# Visual Studio Version 17
VisualStudioVersion = 17.6.33829.357
MinimumVisualStudioVersion = 10.0.40219.1
Project("{FAE04EC0-301F-11D3-BF4B-00C04F79EFBC}") = "DisplayAsciiAndUnicodeTable", "DisplayAsciiAndUnicodeTable\DisplayAsciiAndUnicodeTable.csproj", "{94A3066A-6688-417F-B2F3-56921021F111}"
EndProject
Global
	GlobalSection(SolutionConfigurationPlatforms) = preSolution
		Debug|Any CPU = Debug|Any CPU
		Release|Any CPU = Release|Any CPU
	EndGlobalSection
	GlobalSection(ProjectConfigurationPlatforms) = postSolution
		{94A3066A-6688-417F-B2F3-56921021F111}.Debug|Any CPU.ActiveCfg = Debug|Any CPU
		{94A3066A-6688-417F-B2F3-56921021F111}.Debug|Any CPU.Build.0 = Debug|Any CPU
		{94A3066A-6688-417F-B2F3-56921021F111}.Release|Any CPU.ActiveCfg = Release|Any CPU
		{94A3066A-6688-417F-B2F3-56921021F111}.Release|Any CPU.Build.0 = Release|Any CPU
	EndGlobalSection
	GlobalSection(SolutionProperties) = preSolution
		HideSolutionNode = FALSE
	EndGlobalSection
	GlobalSection(ExtensibilityGlobals) = postSolution
		SolutionGuid = {EAE35A5A-E16E-4874-9A91-C840644D5E6B}
	EndGlobalSection
EndGlobal
