
Microsoft Visual Studio Solution File, Format Version 12.00
# Visual Studio Version 17
VisualStudioVersion = 17.10.35027.167
MinimumVisualStudioVersion = 10.0.40219.1
Project("{FAE04EC0-301F-11D3-BF4B-00C04F79EFBC}") = "ImageFiltersConvolutionFilters", "ImageFiltersConvolutionFilters\ImageFiltersConvolutionFilters.csproj", "{4AF3FADB-9CD1-48E9-AAFB-D86DB13D9E71}"
EndProject
Global
	GlobalSection(SolutionConfigurationPlatforms) = preSolution
		Debug|Any CPU = Debug|Any CPU
		Release|Any CPU = Release|Any CPU
	EndGlobalSection
	GlobalSection(ProjectConfigurationPlatforms) = postSolution
		{4AF3FADB-9CD1-48E9-AAFB-D86DB13D9E71}.Debug|Any CPU.ActiveCfg = Debug|Any CPU
		{4AF3FADB-9CD1-48E9-AAFB-D86DB13D9E71}.Debug|Any CPU.Build.0 = Debug|Any CPU
		{4AF3FADB-9CD1-48E9-AAFB-D86DB13D9E71}.Release|Any CPU.ActiveCfg = Release|Any CPU
		{4AF3FADB-9CD1-48E9-AAFB-D86DB13D9E71}.Release|Any CPU.Build.0 = Release|Any CPU
	EndGlobalSection
	GlobalSection(SolutionProperties) = preSolution
		HideSolutionNode = FALSE
	EndGlobalSection
	GlobalSection(ExtensibilityGlobals) = postSolution
		SolutionGuid = {EB2B5591-468D-4D48-9AA5-B9910A8A2A89}
	EndGlobalSection
EndGlobal
