
Microsoft Visual Studio Solution File, Format Version 12.00
# Visual Studio Version 17
VisualStudioVersion = 17.11.35431.28
MinimumVisualStudioVersion = 10.0.40219.1
Project("{FAE04EC0-301F-11D3-BF4B-00C04F79EFBC}") = "CorsaConTreni", "CorsaConTreni.csproj", "{3F534E00-7617-4632-BFA0-E22E43DB99D2}"
EndProject
Global
	GlobalSection(SolutionConfigurationPlatforms) = preSolution
		Debug|Any CPU = Debug|Any CPU
		Release|Any CPU = Release|Any CPU
	EndGlobalSection
	GlobalSection(ProjectConfigurationPlatforms) = postSolution
		{3F534E00-7617-4632-BFA0-E22E43DB99D2}.Debug|Any CPU.ActiveCfg = Debug|Any CPU
		{3F534E00-7617-4632-BFA0-E22E43DB99D2}.Debug|Any CPU.Build.0 = Debug|Any CPU
		{3F534E00-7617-4632-BFA0-E22E43DB99D2}.Release|Any CPU.ActiveCfg = Release|Any CPU
		{3F534E00-7617-4632-BFA0-E22E43DB99D2}.Release|Any CPU.Build.0 = Release|Any CPU
	EndGlobalSection
	GlobalSection(SolutionProperties) = preSolution
		HideSolutionNode = FALSE
	EndGlobalSection
	GlobalSection(ExtensibilityGlobals) = postSolution
		SolutionGuid = {09D01F4D-71A8-4DE7-8551-5AA989DEA743}
	EndGlobalSection
EndGlobal
