
Microsoft Visual Studio Solution File, Format Version 12.00
# Visual Studio Version 17
VisualStudioVersion = 17.6.33829.357
MinimumVisualStudioVersion = 10.0.40219.1
Project("{FAE04EC0-301F-11D3-BF4B-00C04F79EFBC}") = "DijkstraImplementation", "DijkstraImplementation\DijkstraImplementation.csproj", "{CF53B031-CFF7-438E-A0C7-9C63BF47AA8D}"
EndProject
Global
	GlobalSection(SolutionConfigurationPlatforms) = preSolution
		Debug|Any CPU = Debug|Any CPU
		Release|Any CPU = Release|Any CPU
	EndGlobalSection
	GlobalSection(ProjectConfigurationPlatforms) = postSolution
		{CF53B031-CFF7-438E-A0C7-9C63BF47AA8D}.Debug|Any CPU.ActiveCfg = Debug|Any CPU
		{CF53B031-CFF7-438E-A0C7-9C63BF47AA8D}.Debug|Any CPU.Build.0 = Debug|Any CPU
		{CF53B031-CFF7-438E-A0C7-9C63BF47AA8D}.Release|Any CPU.ActiveCfg = Release|Any CPU
		{CF53B031-CFF7-438E-A0C7-9C63BF47AA8D}.Release|Any CPU.Build.0 = Release|Any CPU
	EndGlobalSection
	GlobalSection(SolutionProperties) = preSolution
		HideSolutionNode = FALSE
	EndGlobalSection
	GlobalSection(ExtensibilityGlobals) = postSolution
		SolutionGuid = {3B58DC21-8DD7-44E6-8412-2D9BD48C41A5}
	EndGlobalSection
EndGlobal
