
Microsoft Visual Studio Solution File, Format Version 12.00
# Visual Studio Version 17
VisualStudioVersion = 17.6.33829.357
MinimumVisualStudioVersion = 10.0.40219.1
Project("{FAE04EC0-301F-11D3-BF4B-00C04F79EFBC}") = "ConsoleAppConversionBase16and2", "ConsoleAppConversionBase16and2\ConsoleAppConversionBase16and2.csproj", "{83524BC4-D3AF-409F-AABC-B7EA4615B608}"
EndProject
Global
	GlobalSection(SolutionConfigurationPlatforms) = preSolution
		Debug|Any CPU = Debug|Any CPU
		Release|Any CPU = Release|Any CPU
	EndGlobalSection
	GlobalSection(ProjectConfigurationPlatforms) = postSolution
		{83524BC4-D3AF-409F-AABC-B7EA4615B608}.Debug|Any CPU.ActiveCfg = Debug|Any CPU
		{83524BC4-D3AF-409F-AABC-B7EA4615B608}.Debug|Any CPU.Build.0 = Debug|Any CPU
		{83524BC4-D3AF-409F-AABC-B7EA4615B608}.Release|Any CPU.ActiveCfg = Release|Any CPU
		{83524BC4-D3AF-409F-AABC-B7EA4615B608}.Release|Any CPU.Build.0 = Release|Any CPU
	EndGlobalSection
	GlobalSection(SolutionProperties) = preSolution
		HideSolutionNode = FALSE
	EndGlobalSection
	GlobalSection(ExtensibilityGlobals) = postSolution
		SolutionGuid = {562ED5A9-ECD7-450F-AA79-F5A1D27BCAD1}
	EndGlobalSection
EndGlobal
