
Microsoft Visual Studio Solution File, Format Version 12.00
# Visual Studio Version 17
VisualStudioVersion = 17.6.33829.357
MinimumVisualStudioVersion = 10.0.40219.1
Project("{FAE04EC0-301F-11D3-BF4B-00C04F79EFBC}") = "ConsoleAppEsercizio2Molara", "ConsoleAppEsercizio2Molara\ConsoleAppEsercizio2Molara.csproj", "{503128D5-39E8-4682-8E78-1F99614A5227}"
EndProject
Global
	GlobalSection(SolutionConfigurationPlatforms) = preSolution
		Debug|Any CPU = Debug|Any CPU
		Release|Any CPU = Release|Any CPU
	EndGlobalSection
	GlobalSection(ProjectConfigurationPlatforms) = postSolution
		{503128D5-39E8-4682-8E78-1F99614A5227}.Debug|Any CPU.ActiveCfg = Debug|Any CPU
		{503128D5-39E8-4682-8E78-1F99614A5227}.Debug|Any CPU.Build.0 = Debug|Any CPU
		{503128D5-39E8-4682-8E78-1F99614A5227}.Release|Any CPU.ActiveCfg = Release|Any CPU
		{503128D5-39E8-4682-8E78-1F99614A5227}.Release|Any CPU.Build.0 = Release|Any CPU
	EndGlobalSection
	GlobalSection(SolutionProperties) = preSolution
		HideSolutionNode = FALSE
	EndGlobalSection
	GlobalSection(ExtensibilityGlobals) = postSolution
		SolutionGuid = {AF1585B7-E7F2-454A-8DA7-B7765C452A94}
	EndGlobalSection
EndGlobal
