
Microsoft Visual Studio Solution File, Format Version 12.00
# Visual Studio Version 17
VisualStudioVersion = 17.6.33829.357
MinimumVisualStudioVersion = 10.0.40219.1
Project("{FAE04EC0-301F-11D3-BF4B-00C04F79EFBC}") = "StudentOOP", "StudentOOP\StudentOOP.csproj", "{75DF366C-8982-4BBC-BDFA-E121CCE3076A}"
EndProject
Global
	GlobalSection(SolutionConfigurationPlatforms) = preSolution
		Debug|Any CPU = Debug|Any CPU
		Release|Any CPU = Release|Any CPU
	EndGlobalSection
	GlobalSection(ProjectConfigurationPlatforms) = postSolution
		{75DF366C-8982-4BBC-BDFA-E121CCE3076A}.Debug|Any CPU.ActiveCfg = Debug|Any CPU
		{75DF366C-8982-4BBC-BDFA-E121CCE3076A}.Debug|Any CPU.Build.0 = Debug|Any CPU
		{75DF366C-8982-4BBC-BDFA-E121CCE3076A}.Release|Any CPU.ActiveCfg = Release|Any CPU
		{75DF366C-8982-4BBC-BDFA-E121CCE3076A}.Release|Any CPU.Build.0 = Release|Any CPU
	EndGlobalSection
	GlobalSection(SolutionProperties) = preSolution
		HideSolutionNode = FALSE
	EndGlobalSection
	GlobalSection(ExtensibilityGlobals) = postSolution
		SolutionGuid = {DEABA4A7-A35C-4747-8266-CF80975AF105}
	EndGlobalSection
EndGlobal
