
Microsoft Visual Studio Solution File, Format Version 12.00
# Visual Studio Version 17
VisualStudioVersion = 17.10.35027.167
MinimumVisualStudioVersion = 10.0.40219.1
Project("{FAE04EC0-301F-11D3-BF4B-00C04F79EFBC}") = "PassaggioLivelloThread", "PassaggioLivelloThread\PassaggioLivelloThread.csproj", "{7EB0F39F-FB1D-47FE-AB26-E394309C7009}"
EndProject
Global
	GlobalSection(SolutionConfigurationPlatforms) = preSolution
		Debug|Any CPU = Debug|Any CPU
		Release|Any CPU = Release|Any CPU
	EndGlobalSection
	GlobalSection(ProjectConfigurationPlatforms) = postSolution
		{7EB0F39F-FB1D-47FE-AB26-E394309C7009}.Debug|Any CPU.ActiveCfg = Debug|Any CPU
		{7EB0F39F-FB1D-47FE-AB26-E394309C7009}.Debug|Any CPU.Build.0 = Debug|Any CPU
		{7EB0F39F-FB1D-47FE-AB26-E394309C7009}.Release|Any CPU.ActiveCfg = Release|Any CPU
		{7EB0F39F-FB1D-47FE-AB26-E394309C7009}.Release|Any CPU.Build.0 = Release|Any CPU
	EndGlobalSection
	GlobalSection(SolutionProperties) = preSolution
		HideSolutionNode = FALSE
	EndGlobalSection
	GlobalSection(ExtensibilityGlobals) = postSolution
		SolutionGuid = {777A8F7E-D200-4D0A-906B-55C2273D6C77}
	EndGlobalSection
EndGlobal
