
Microsoft Visual Studio Solution File, Format Version 12.00
# Visual Studio Version 17
VisualStudioVersion = 17.6.33829.357
MinimumVisualStudioVersion = 10.0.40219.1
Project("{9A19103F-16F7-4668-BE54-9A1E7A4F7556}") = "Countdown", "Countdown\Countdown.csproj", "{0FA1DAC4-E5D7-4259-9D67-9E78429CD037}"
EndProject
Global
	GlobalSection(SolutionConfigurationPlatforms) = preSolution
		Debug|Any CPU = Debug|Any CPU
		Release|Any CPU = Release|Any CPU
	EndGlobalSection
	GlobalSection(ProjectConfigurationPlatforms) = postSolution
		{0FA1DAC4-E5D7-4259-9D67-9E78429CD037}.Debug|Any CPU.ActiveCfg = Debug|Any CPU
		{0FA1DAC4-E5D7-4259-9D67-9E78429CD037}.Debug|Any CPU.Build.0 = Debug|Any CPU
		{0FA1DAC4-E5D7-4259-9D67-9E78429CD037}.Release|Any CPU.ActiveCfg = Release|Any CPU
		{0FA1DAC4-E5D7-4259-9D67-9E78429CD037}.Release|Any CPU.Build.0 = Release|Any CPU
	EndGlobalSection
	GlobalSection(SolutionProperties) = preSolution
		HideSolutionNode = FALSE
	EndGlobalSection
	GlobalSection(ExtensibilityGlobals) = postSolution
		SolutionGuid = {13DCFFAC-5FCB-442D-A1AB-24B236CB880B}
	EndGlobalSection
EndGlobal
