
Microsoft Visual Studio Solution File, Format Version 12.00
# Visual Studio Version 17
VisualStudioVersion = 17.6.33829.357
MinimumVisualStudioVersion = 10.0.40219.1
Project("{FAE04EC0-301F-11D3-BF4B-00C04F79EFBC}") = "ConsoleAppDice", "ConsoleAppDice\ConsoleAppDice.csproj", "{144CFDDC-8F30-4902-94EA-59C3B91B6E70}"
EndProject
Global
	GlobalSection(SolutionConfigurationPlatforms) = preSolution
		Debug|Any CPU = Debug|Any CPU
		Release|Any CPU = Release|Any CPU
	EndGlobalSection
	GlobalSection(ProjectConfigurationPlatforms) = postSolution
		{144CFDDC-8F30-4902-94EA-59C3B91B6E70}.Debug|Any CPU.ActiveCfg = Debug|Any CPU
		{144CFDDC-8F30-4902-94EA-59C3B91B6E70}.Debug|Any CPU.Build.0 = Debug|Any CPU
		{144CFDDC-8F30-4902-94EA-59C3B91B6E70}.Release|Any CPU.ActiveCfg = Release|Any CPU
		{144CFDDC-8F30-4902-94EA-59C3B91B6E70}.Release|Any CPU.Build.0 = Release|Any CPU
	EndGlobalSection
	GlobalSection(SolutionProperties) = preSolution
		HideSolutionNode = FALSE
	EndGlobalSection
	GlobalSection(ExtensibilityGlobals) = postSolution
		SolutionGuid = {96C8A4F6-F11B-4C7C-B8B0-5238D30F0752}
	EndGlobalSection
EndGlobal
