
Microsoft Visual Studio Solution File, Format Version 12.00
# Visual Studio Version 17
VisualStudioVersion = 17.6.33829.357
MinimumVisualStudioVersion = 10.0.40219.1
Project("{FAE04EC0-301F-11D3-BF4B-00C04F79EFBC}") = "Bingo", "Bingo\Bingo.csproj", "{8AECA895-89F3-4A22-A92A-F21F304C5219}"
EndProject
Global
	GlobalSection(SolutionConfigurationPlatforms) = preSolution
		Debug|Any CPU = Debug|Any CPU
		Release|Any CPU = Release|Any CPU
	EndGlobalSection
	GlobalSection(ProjectConfigurationPlatforms) = postSolution
		{8AECA895-89F3-4A22-A92A-F21F304C5219}.Debug|Any CPU.ActiveCfg = Debug|Any CPU
		{8AECA895-89F3-4A22-A92A-F21F304C5219}.Debug|Any CPU.Build.0 = Debug|Any CPU
		{8AECA895-89F3-4A22-A92A-F21F304C5219}.Release|Any CPU.ActiveCfg = Release|Any CPU
		{8AECA895-89F3-4A22-A92A-F21F304C5219}.Release|Any CPU.Build.0 = Release|Any CPU
	EndGlobalSection
	GlobalSection(SolutionProperties) = preSolution
		HideSolutionNode = FALSE
	EndGlobalSection
	GlobalSection(ExtensibilityGlobals) = postSolution
		SolutionGuid = {E0077BB4-F5C6-46E5-9A72-60E70E560B38}
	EndGlobalSection
EndGlobal
