
Microsoft Visual Studio Solution File, Format Version 12.00
# Visual Studio Version 17
VisualStudioVersion = 17.6.33829.357
MinimumVisualStudioVersion = 10.0.40219.1
Project("{FAE04EC0-301F-11D3-BF4B-00C04F79EFBC}") = "ConsoleAppReadInput", "ConsoleAppReadInput\ConsoleAppReadInput.csproj", "{B6085069-E9EA-47CD-B2FA-596C86608BE8}"
EndProject
Global
	GlobalSection(SolutionConfigurationPlatforms) = preSolution
		Debug|Any CPU = Debug|Any CPU
		Release|Any CPU = Release|Any CPU
	EndGlobalSection
	GlobalSection(ProjectConfigurationPlatforms) = postSolution
		{B6085069-E9EA-47CD-B2FA-596C86608BE8}.Debug|Any CPU.ActiveCfg = Debug|Any CPU
		{B6085069-E9EA-47CD-B2FA-596C86608BE8}.Debug|Any CPU.Build.0 = Debug|Any CPU
		{B6085069-E9EA-47CD-B2FA-596C86608BE8}.Release|Any CPU.ActiveCfg = Release|Any CPU
		{B6085069-E9EA-47CD-B2FA-596C86608BE8}.Release|Any CPU.Build.0 = Release|Any CPU
	EndGlobalSection
	GlobalSection(SolutionProperties) = preSolution
		HideSolutionNode = FALSE
	EndGlobalSection
	GlobalSection(ExtensibilityGlobals) = postSolution
		SolutionGuid = {2FCC6BFA-47A2-4D3F-AEE1-49176F33C606}
	EndGlobalSection
EndGlobal
