
Microsoft Visual Studio Solution File, Format Version 12.00
# Visual Studio Version 17
VisualStudioVersion = 17.6.33829.357
MinimumVisualStudioVersion = 10.0.40219.1
Project("{FAE04EC0-301F-11D3-BF4B-00C04F79EFBC}") = "SortAlgorithms", "SortAlgorithms\SortAlgorithms.csproj", "{70526704-9F08-469D-BD8D-08EDFD5EAD65}"
EndProject
Global
	GlobalSection(SolutionConfigurationPlatforms) = preSolution
		Debug|Any CPU = Debug|Any CPU
		Release|Any CPU = Release|Any CPU
	EndGlobalSection
	GlobalSection(ProjectConfigurationPlatforms) = postSolution
		{70526704-9F08-469D-BD8D-08EDFD5EAD65}.Debug|Any CPU.ActiveCfg = Debug|Any CPU
		{70526704-9F08-469D-BD8D-08EDFD5EAD65}.Debug|Any CPU.Build.0 = Debug|Any CPU
		{70526704-9F08-469D-BD8D-08EDFD5EAD65}.Release|Any CPU.ActiveCfg = Release|Any CPU
		{70526704-9F08-469D-BD8D-08EDFD5EAD65}.Release|Any CPU.Build.0 = Release|Any CPU
	EndGlobalSection
	GlobalSection(SolutionProperties) = preSolution
		HideSolutionNode = FALSE
	EndGlobalSection
	GlobalSection(ExtensibilityGlobals) = postSolution
		SolutionGuid = {38E93EB9-6938-4B95-8556-CAFEECFEE1B6}
	EndGlobalSection
EndGlobal
