
Microsoft Visual Studio Solution File, Format Version 12.00
# Visual Studio Version 17
VisualStudioVersion = 17.6.33829.357
MinimumVisualStudioVersion = 10.0.40219.1
Project("{FAE04EC0-301F-11D3-BF4B-00C04F79EFBC}") = "AdvancedConsole", "AdvancedConsole\AdvancedConsole.csproj", "{4163F716-9049-41C8-9638-793E590519DB}"
EndProject
Global
	GlobalSection(SolutionConfigurationPlatforms) = preSolution
		Debug|Any CPU = Debug|Any CPU
		Release|Any CPU = Release|Any CPU
	EndGlobalSection
	GlobalSection(ProjectConfigurationPlatforms) = postSolution
		{4163F716-9049-41C8-9638-793E590519DB}.Debug|Any CPU.ActiveCfg = Debug|Any CPU
		{4163F716-9049-41C8-9638-793E590519DB}.Debug|Any CPU.Build.0 = Debug|Any CPU
		{4163F716-9049-41C8-9638-793E590519DB}.Release|Any CPU.ActiveCfg = Release|Any CPU
		{4163F716-9049-41C8-9638-793E590519DB}.Release|Any CPU.Build.0 = Release|Any CPU
	EndGlobalSection
	GlobalSection(SolutionProperties) = preSolution
		HideSolutionNode = FALSE
	EndGlobalSection
	GlobalSection(ExtensibilityGlobals) = postSolution
		SolutionGuid = {A563D90F-46CB-40D1-82AF-BE4FEFF8CAED}
	EndGlobalSection
EndGlobal
