
Microsoft Visual Studio Solution File, Format Version 12.00
# Visual Studio Version 17
VisualStudioVersion = 17.10.35027.167
MinimumVisualStudioVersion = 10.0.40219.1
Project("{FAE04EC0-301F-11D3-BF4B-00C04F79EFBC}") = "BitArrays", "BitArrays\BitArrays.csproj", "{8B6CEB3D-4899-4E35-A44F-E86311659A29}"
EndProject
Global
	GlobalSection(SolutionConfigurationPlatforms) = preSolution
		Debug|Any CPU = Debug|Any CPU
		Release|Any CPU = Release|Any CPU
	EndGlobalSection
	GlobalSection(ProjectConfigurationPlatforms) = postSolution
		{8B6CEB3D-4899-4E35-A44F-E86311659A29}.Debug|Any CPU.ActiveCfg = Debug|Any CPU
		{8B6CEB3D-4899-4E35-A44F-E86311659A29}.Debug|Any CPU.Build.0 = Debug|Any CPU
		{8B6CEB3D-4899-4E35-A44F-E86311659A29}.Release|Any CPU.ActiveCfg = Release|Any CPU
		{8B6CEB3D-4899-4E35-A44F-E86311659A29}.Release|Any CPU.Build.0 = Release|Any CPU
	EndGlobalSection
	GlobalSection(SolutionProperties) = preSolution
		HideSolutionNode = FALSE
	EndGlobalSection
	GlobalSection(ExtensibilityGlobals) = postSolution
		SolutionGuid = {FDF28462-92D5-4262-BF77-54989449C3BC}
	EndGlobalSection
EndGlobal
