
Microsoft Visual Studio Solution File, Format Version 12.00
# Visual Studio Version 17
VisualStudioVersion = 17.10.35027.167
MinimumVisualStudioVersion = 10.0.40219.1
Project("{9A19103F-16F7-4668-BE54-9A1E7A4F7556}") = "AcquarioWPF", "AcquarioWPF\AcquarioWPF.csproj", "{EC682FAC-692B-43A3-A182-96397DA3CF0C}"
EndProject
Project("{FAE04EC0-301F-11D3-BF4B-00C04F79EFBC}") = "AcquarioLib", "AcquarioLib\AcquarioLib.csproj", "{42BB573F-D078-4B14-B527-C3BA38645909}"
EndProject
Global
	GlobalSection(SolutionConfigurationPlatforms) = preSolution
		Debug|Any CPU = Debug|Any CPU
		Release|Any CPU = Release|Any CPU
	EndGlobalSection
	GlobalSection(ProjectConfigurationPlatforms) = postSolution
		{EC682FAC-692B-43A3-A182-96397DA3CF0C}.Debug|Any CPU.ActiveCfg = Debug|Any CPU
		{EC682FAC-692B-43A3-A182-96397DA3CF0C}.Debug|Any CPU.Build.0 = Debug|Any CPU
		{EC682FAC-692B-43A3-A182-96397DA3CF0C}.Release|Any CPU.ActiveCfg = Release|Any CPU
		{EC682FAC-692B-43A3-A182-96397DA3CF0C}.Release|Any CPU.Build.0 = Release|Any CPU
		{42BB573F-D078-4B14-B527-C3BA38645909}.Debug|Any CPU.ActiveCfg = Debug|Any CPU
		{42BB573F-D078-4B14-B527-C3BA38645909}.Debug|Any CPU.Build.0 = Debug|Any CPU
		{42BB573F-D078-4B14-B527-C3BA38645909}.Release|Any CPU.ActiveCfg = Release|Any CPU
		{42BB573F-D078-4B14-B527-C3BA38645909}.Release|Any CPU.Build.0 = Release|Any CPU
	EndGlobalSection
	GlobalSection(SolutionProperties) = preSolution
		HideSolutionNode = FALSE
	EndGlobalSection
	GlobalSection(ExtensibilityGlobals) = postSolution
		SolutionGuid = {1D24E936-B776-4563-A26D-9B236694537E}
	EndGlobalSection
EndGlobal
