
Microsoft Visual Studio Solution File, Format Version 12.00
# Visual Studio Version 17
VisualStudioVersion = 17.10.35027.167
MinimumVisualStudioVersion = 10.0.40219.1
Project("{9A19103F-16F7-4668-BE54-9A1E7A4F7556}") = "TecnicheGrafica", "TecnicheGrafica\TecnicheGrafica.csproj", "{ED1D4EEF-574C-4BED-A0F3-CF93251D433B}"
EndProject
Project("{FAE04EC0-301F-11D3-BF4B-00C04F79EFBC}") = "AcquarioLib", "AcquarioLib\AcquarioLib.csproj", "{81486F4E-EC35-4481-AF34-F9E55B850097}"
EndProject
Global
	GlobalSection(SolutionConfigurationPlatforms) = preSolution
		Debug|Any CPU = Debug|Any CPU
		Release|Any CPU = Release|Any CPU
	EndGlobalSection
	GlobalSection(ProjectConfigurationPlatforms) = postSolution
		{ED1D4EEF-574C-4BED-A0F3-CF93251D433B}.Debug|Any CPU.ActiveCfg = Debug|Any CPU
		{ED1D4EEF-574C-4BED-A0F3-CF93251D433B}.Debug|Any CPU.Build.0 = Debug|Any CPU
		{ED1D4EEF-574C-4BED-A0F3-CF93251D433B}.Release|Any CPU.ActiveCfg = Release|Any CPU
		{ED1D4EEF-574C-4BED-A0F3-CF93251D433B}.Release|Any CPU.Build.0 = Release|Any CPU
		{81486F4E-EC35-4481-AF34-F9E55B850097}.Debug|Any CPU.ActiveCfg = Debug|Any CPU
		{81486F4E-EC35-4481-AF34-F9E55B850097}.Debug|Any CPU.Build.0 = Debug|Any CPU
		{81486F4E-EC35-4481-AF34-F9E55B850097}.Release|Any CPU.ActiveCfg = Release|Any CPU
		{81486F4E-EC35-4481-AF34-F9E55B850097}.Release|Any CPU.Build.0 = Release|Any CPU
	EndGlobalSection
	GlobalSection(SolutionProperties) = preSolution
		HideSolutionNode = FALSE
	EndGlobalSection
	GlobalSection(ExtensibilityGlobals) = postSolution
		SolutionGuid = {1BF33107-0A2A-41E8-99EA-7A772ED77A07}
	EndGlobalSection
EndGlobal
