
Microsoft Visual Studio Solution File, Format Version 12.00
# Visual Studio Version 17
VisualStudioVersion = 17.10.35027.167
MinimumVisualStudioVersion = 10.0.40219.1
Project("{FAE04EC0-301F-11D3-BF4B-00C04F79EFBC}") = "SymmetricCypher", "StringXorCypher\SymmetricCypher.csproj", "{9ED0E53A-B5F5-4057-943E-EA6283C0DAB2}"
EndProject
Global
	GlobalSection(SolutionConfigurationPlatforms) = preSolution
		Debug|Any CPU = Debug|Any CPU
		Release|Any CPU = Release|Any CPU
	EndGlobalSection
	GlobalSection(ProjectConfigurationPlatforms) = postSolution
		{9ED0E53A-B5F5-4057-943E-EA6283C0DAB2}.Debug|Any CPU.ActiveCfg = Debug|Any CPU
		{9ED0E53A-B5F5-4057-943E-EA6283C0DAB2}.Debug|Any CPU.Build.0 = Debug|Any CPU
		{9ED0E53A-B5F5-4057-943E-EA6283C0DAB2}.Release|Any CPU.ActiveCfg = Release|Any CPU
		{9ED0E53A-B5F5-4057-943E-EA6283C0DAB2}.Release|Any CPU.Build.0 = Release|Any CPU
	EndGlobalSection
	GlobalSection(SolutionProperties) = preSolution
		HideSolutionNode = FALSE
	EndGlobalSection
	GlobalSection(ExtensibilityGlobals) = postSolution
		SolutionGuid = {0B0DE964-0DA0-4AF7-A292-719CE8169298}
	EndGlobalSection
EndGlobal
