
Microsoft Visual Studio Solution File, Format Version 12.00
# Visual Studio Version 17
VisualStudioVersion = 17.6.33829.357
MinimumVisualStudioVersion = 10.0.40219.1
Project("{FAE04EC0-301F-11D3-BF4B-00C04F79EFBC}") = "PrintSevenDigitsNumbersArrays", "PrintSevenDigitsNumbersArrays\PrintSevenDigitsNumbersArrays.csproj", "{343AC8DF-FF81-4FF0-A468-276D027B1357}"
EndProject
Global
	GlobalSection(SolutionConfigurationPlatforms) = preSolution
		Debug|Any CPU = Debug|Any CPU
		Release|Any CPU = Release|Any CPU
	EndGlobalSection
	GlobalSection(ProjectConfigurationPlatforms) = postSolution
		{343AC8DF-FF81-4FF0-A468-276D027B1357}.Debug|Any CPU.ActiveCfg = Debug|Any CPU
		{343AC8DF-FF81-4FF0-A468-276D027B1357}.Debug|Any CPU.Build.0 = Debug|Any CPU
		{343AC8DF-FF81-4FF0-A468-276D027B1357}.Release|Any CPU.ActiveCfg = Release|Any CPU
		{343AC8DF-FF81-4FF0-A468-276D027B1357}.Release|Any CPU.Build.0 = Release|Any CPU
	EndGlobalSection
	GlobalSection(SolutionProperties) = preSolution
		HideSolutionNode = FALSE
	EndGlobalSection
	GlobalSection(ExtensibilityGlobals) = postSolution
		SolutionGuid = {0CF6F1A0-549E-42AB-AC82-2B65B255FAE3}
	EndGlobalSection
EndGlobal
